
Microsoft Visual Studio Solution File, Format Version 12.00
Project("{FAE04EC0-301F-11D3-BF4B-00C04F79EFBC}") = "BulkyWeb", "BulkyWeb\BulkyWeb.csproj", "{3C8EF652-3295-4623-AD1A-872EE27B7152}"
EndProject
Project("{FAE04EC0-301F-11D3-BF4B-00C04F79EFBC}") = "BulkyWebRazor_Temp", "BulkyWebRazor_Temp\BulkyWebRazor_Temp.csproj", "{B8B03FED-72F6-4468-9494-F3796A005DD8}"
EndProject
Global
	GlobalSection(SolutionConfigurationPlatforms) = preSolution
		Debug|Any CPU = Debug|Any CPU
		Release|Any CPU = Release|Any CPU
	EndGlobalSection
	GlobalSection(ProjectConfigurationPlatforms) = postSolution
		{3C8EF652-3295-4623-AD1A-872EE27B7152}.Debug|Any CPU.ActiveCfg = Debug|Any CPU
		{3C8EF652-3295-4623-AD1A-872EE27B7152}.Debug|Any CPU.Build.0 = Debug|Any CPU
		{3C8EF652-3295-4623-AD1A-872EE27B7152}.Release|Any CPU.ActiveCfg = Release|Any CPU
		{3C8EF652-3295-4623-AD1A-872EE27B7152}.Release|Any CPU.Build.0 = Release|Any CPU
		{B8B03FED-72F6-4468-9494-F3796A005DD8}.Debug|Any CPU.ActiveCfg = Debug|Any CPU
		{B8B03FED-72F6-4468-9494-F3796A005DD8}.Debug|Any CPU.Build.0 = Debug|Any CPU
		{B8B03FED-72F6-4468-9494-F3796A005DD8}.Release|Any CPU.ActiveCfg = Release|Any CPU
		{B8B03FED-72F6-4468-9494-F3796A005DD8}.Release|Any CPU.Build.0 = Release|Any CPU
	EndGlobalSection
EndGlobal
